// !$*UTF8*$!
{
	archiveVersion = 1;
	classes = {
	};
	objectVersion = 56;
	objects = {

/* Begin PBXBuildFile section */
		045B90C72AFDCCEF00FD48CF /* users.swift in Sources */ = {isa = PBXBuildFile; fileRef = 045B90C62AFDCCEF00FD48CF /* users.swift */; };
		045B90C92AFDD07B00FD48CF /* Card.swift in Sources */ = {isa = PBXBuildFile; fileRef = 045B90C82AFDD07B00FD48CF /* Card.swift */; };
		045B90CB2AFDDD2600FD48CF /* WOT-Scryfall.json in Resources */ = {isa = PBXBuildFile; fileRef = 045B90CA2AFDDD2600FD48CF /* WOT-Scryfall.json */; };
		046825252AFDBC6C00F81437 /* TugasCardApp.swift in Sources */ = {isa = PBXBuildFile; fileRef = 046825242AFDBC6C00F81437 /* TugasCardApp.swift */; };
		046825272AFDBC6C00F81437 /* ContentView.swift in Sources */ = {isa = PBXBuildFile; fileRef = 046825262AFDBC6C00F81437 /* ContentView.swift */; };
		046825292AFDBC6F00F81437 /* Assets.xcassets in Resources */ = {isa = PBXBuildFile; fileRef = 046825282AFDBC6F00F81437 /* Assets.xcassets */; };
		0468252C2AFDBC6F00F81437 /* Preview Assets.xcassets in Resources */ = {isa = PBXBuildFile; fileRef = 0468252B2AFDBC6F00F81437 /* Preview Assets.xcassets */; };
		046825362AFDBC6F00F81437 /* TugasCardTests.swift in Sources */ = {isa = PBXBuildFile; fileRef = 046825352AFDBC6F00F81437 /* TugasCardTests.swift */; };
		046825402AFDBC6F00F81437 /* TugasCardUITests.swift in Sources */ = {isa = PBXBuildFile; fileRef = 0468253F2AFDBC6F00F81437 /* TugasCardUITests.swift */; };
		046825422AFDBC6F00F81437 /* TugasCardUITestsLaunchTests.swift in Sources */ = {isa = PBXBuildFile; fileRef = 046825412AFDBC6F00F81437 /* TugasCardUITestsLaunchTests.swift */; };
/* End PBXBuildFile section */

/* Begin PBXContainerItemProxy section */
		046825322AFDBC6F00F81437 /* PBXContainerItemProxy */ = {
			isa = PBXContainerItemProxy;
			containerPortal = 046825192AFDBC6C00F81437 /* Project object */;
			proxyType = 1;
			remoteGlobalIDString = 046825202AFDBC6C00F81437;
			remoteInfo = TugasCard;
		};
		0468253C2AFDBC6F00F81437 /* PBXContainerItemProxy */ = {
			isa = PBXContainerItemProxy;
			containerPortal = 046825192AFDBC6C00F81437 /* Project object */;
			proxyType = 1;
			remoteGlobalIDString = 046825202AFDBC6C00F81437;
			remoteInfo = TugasCard;
		};
/* End PBXContainerItemProxy section */

/* Begin PBXFileReference section */
		045B90C62AFDCCEF00FD48CF /* users.swift */ = {isa = PBXFileReference; lastKnownFileType = sourcecode.swift; path = users.swift; sourceTree = "<group>"; };
		045B90C82AFDD07B00FD48CF /* Card.swift */ = {isa = PBXFileReference; lastKnownFileType = sourcecode.swift; path = Card.swift; sourceTree = "<group>"; };
		045B90CA2AFDDD2600FD48CF /* WOT-Scryfall.json */ = {isa = PBXFileReference; fileEncoding = 4; lastKnownFileType = text.json; name = "WOT-Scryfall.json"; path = "Resource/WOT-Scryfall.json"; sourceTree = SOURCE_ROOT; };
		046825212AFDBC6C00F81437 /* TugasCard.app */ = {isa = PBXFileReference; explicitFileType = wrapper.application; includeInIndex = 0; path = TugasCard.app; sourceTree = BUILT_PRODUCTS_DIR; };
		046825242AFDBC6C00F81437 /* TugasCardApp.swift */ = {isa = PBXFileReference; lastKnownFileType = sourcecode.swift; path = TugasCardApp.swift; sourceTree = "<group>"; };
		046825262AFDBC6C00F81437 /* ContentView.swift */ = {isa = PBXFileReference; lastKnownFileType = sourcecode.swift; path = ContentView.swift; sourceTree = "<group>"; };
		046825282AFDBC6F00F81437 /* Assets.xcassets */ = {isa = PBXFileReference; lastKnownFileType = folder.assetcatalog; path = Assets.xcassets; sourceTree = "<group>"; };
		0468252B2AFDBC6F00F81437 /* Preview Assets.xcassets */ = {isa = PBXFileReference; lastKnownFileType = folder.assetcatalog; path = "Preview Assets.xcassets"; sourceTree = "<group>"; };
		046825312AFDBC6F00F81437 /* TugasCardTests.xctest */ = {isa = PBXFileReference; explicitFileType = wrapper.cfbundle; includeInIndex = 0; path = TugasCardTests.xctest; sourceTree = BUILT_PRODUCTS_DIR; };
		046825352AFDBC6F00F81437 /* TugasCardTests.swift */ = {isa = PBXFileReference; lastKnownFileType = sourcecode.swift; path = TugasCardTests.swift; sourceTree = "<group>"; };
		0468253B2AFDBC6F00F81437 /* TugasCardUITests.xctest */ = {isa = PBXFileReference; explicitFileType = wrapper.cfbundle; includeInIndex = 0; path = TugasCardUITests.xctest; sourceTree = BUILT_PRODUCTS_DIR; };
		0468253F2AFDBC6F00F81437 /* TugasCardUITests.swift */ = {isa = PBXFileReference; lastKnownFileType = sourcecode.swift; path = TugasCardUITests.swift; sourceTree = "<group>"; };
		046825412AFDBC6F00F81437 /* TugasCardUITestsLaunchTests.swift */ = {isa = PBXFileReference; lastKnownFileType = sourcecode.swift; path = TugasCardUITestsLaunchTests.swift; sourceTree = "<group>"; };
/* End PBXFileReference section */

/* Begin PBXFrameworksBuildPhase section */
		0468251E2AFDBC6C00F81437 /* Frameworks */ = {
			isa = PBXFrameworksBuildPhase;
			buildActionMask = 2147483647;
			files = (
			);
			runOnlyForDeploymentPostprocessing = 0;
		};
		0468252E2AFDBC6F00F81437 /* Frameworks */ = {
			isa = PBXFrameworksBuildPhase;
			buildActionMask = 2147483647;
			files = (
			);
			runOnlyForDeploymentPostprocessing = 0;
		};
		046825382AFDBC6F00F81437 /* Frameworks */ = {
			isa = PBXFrameworksBuildPhase;
			buildActionMask = 2147483647;
			files = (
			);
			runOnlyForDeploymentPostprocessing = 0;
		};
/* End PBXFrameworksBuildPhase section */

/* Begin PBXGroup section */
		045B90BF2AFDC0EC00FD48CF /* Resource */ = {
			isa = PBXGroup;
			children = (
				045B90CA2AFDDD2600FD48CF /* WOT-Scryfall.json */,
			);
			path = Resource;
			sourceTree = "<group>";
		};
		046825182AFDBC6C00F81437 = {
			isa = PBXGroup;
			children = (
				045B90BF2AFDC0EC00FD48CF /* Resource */,
				046825232AFDBC6C00F81437 /* TugasCard */,
				046825342AFDBC6F00F81437 /* TugasCardTests */,
				0468253E2AFDBC6F00F81437 /* TugasCardUITests */,
				046825222AFDBC6C00F81437 /* Products */,
			);
			sourceTree = "<group>";
		};
		046825222AFDBC6C00F81437 /* Products */ = {
			isa = PBXGroup;
			children = (
				046825212AFDBC6C00F81437 /* TugasCard.app */,
				046825312AFDBC6F00F81437 /* TugasCardTests.xctest */,
				0468253B2AFDBC6F00F81437 /* TugasCardUITests.xctest */,
			);
			name = Products;
			sourceTree = "<group>";
		};
		046825232AFDBC6C00F81437 /* TugasCard */ = {
			isa = PBXGroup;
			children = (
				045B90C82AFDD07B00FD48CF /* Card.swift */,
				045B90C62AFDCCEF00FD48CF /* users.swift */,
				046825242AFDBC6C00F81437 /* TugasCardApp.swift */,
				046825262AFDBC6C00F81437 /* ContentView.swift */,
				046825282AFDBC6F00F81437 /* Assets.xcassets */,
				0468252A2AFDBC6F00F81437 /* Preview Content */,
			);
			path = TugasCard;
			sourceTree = "<group>";
		};
		0468252A2AFDBC6F00F81437 /* Preview Content */ = {
			isa = PBXGroup;
			children = (
				0468252B2AFDBC6F00F81437 /* Preview Assets.xcassets */,
			);
			path = "Preview Content";
			sourceTree = "<group>";
		};
		046825342AFDBC6F00F81437 /* TugasCardTests */ = {
			isa = PBXGroup;
			children = (
				046825352AFDBC6F00F81437 /* TugasCardTests.swift */,
			);
			path = TugasCardTests;
			sourceTree = "<group>";
		};
		0468253E2AFDBC6F00F81437 /* TugasCardUITests */ = {
			isa = PBXGroup;
			children = (
				0468253F2AFDBC6F00F81437 /* TugasCardUITests.swift */,
				046825412AFDBC6F00F81437 /* TugasCardUITestsLaunchTests.swift */,
			);
			path = TugasCardUITests;
			sourceTree = "<group>";
		};
/* End PBXGroup section */

/* Begin PBXNativeTarget section */
		046825202AFDBC6C00F81437 /* TugasCard */ = {
			isa = PBXNativeTarget;
			buildConfigurationList = 046825452AFDBC6F00F81437 /* Build configuration list for PBXNativeTarget "TugasCard" */;
			buildPhases = (
				0468251D2AFDBC6C00F81437 /* Sources */,
				0468251E2AFDBC6C00F81437 /* Frameworks */,
				0468251F2AFDBC6C00F81437 /* Resources */,
			);
			buildRules = (
			);
			dependencies = (
			);
			name = TugasCard;
			productName = TugasCard;
			productReference = 046825212AFDBC6C00F81437 /* TugasCard.app */;
			productType = "com.apple.product-type.application";
		};
		046825302AFDBC6F00F81437 /* TugasCardTests */ = {
			isa = PBXNativeTarget;
			buildConfigurationList = 046825482AFDBC6F00F81437 /* Build configuration list for PBXNativeTarget "TugasCardTests" */;
			buildPhases = (
				0468252D2AFDBC6F00F81437 /* Sources */,
				0468252E2AFDBC6F00F81437 /* Frameworks */,
				0468252F2AFDBC6F00F81437 /* Resources */,
			);
			buildRules = (
			);
			dependencies = (
				046825332AFDBC6F00F81437 /* PBXTargetDependency */,
			);
			name = TugasCardTests;
			productName = TugasCardTests;
			productReference = 046825312AFDBC6F00F81437 /* TugasCardTests.xctest */;
			productType = "com.apple.product-type.bundle.unit-test";
		};
		0468253A2AFDBC6F00F81437 /* TugasCardUITests */ = {
			isa = PBXNativeTarget;
			buildConfigurationList = 0468254B2AFDBC6F00F81437 /* Build configuration list for PBXNativeTarget "TugasCardUITests" */;
			buildPhases = (
				046825372AFDBC6F00F81437 /* Sources */,
				046825382AFDBC6F00F81437 /* Frameworks */,
				046825392AFDBC6F00F81437 /* Resources */,
			);
			buildRules = (
			);
			dependencies = (
				0468253D2AFDBC6F00F81437 /* PBXTargetDependency */,
			);
			name = TugasCardUITests;
			productName = TugasCardUITests;
			productReference = 0468253B2AFDBC6F00F81437 /* TugasCardUITests.xctest */;
			productType = "com.apple.product-type.bundle.ui-testing";
		};
/* End PBXNativeTarget section */

/* Begin PBXProject section */
		046825192AFDBC6C00F81437 /* Project object */ = {
			isa = PBXProject;
			attributes = {
				BuildIndependentTargetsInParallel = 1;
				LastSwiftUpdateCheck = 1500;
				LastUpgradeCheck = 1500;
				TargetAttributes = {
					046825202AFDBC6C00F81437 = {
						CreatedOnToolsVersion = 15.0.1;
					};
					046825302AFDBC6F00F81437 = {
						CreatedOnToolsVersion = 15.0.1;
						TestTargetID = 046825202AFDBC6C00F81437;
					};
					0468253A2AFDBC6F00F81437 = {
						CreatedOnToolsVersion = 15.0.1;
						TestTargetID = 046825202AFDBC6C00F81437;
					};
				};
			};
			buildConfigurationList = 0468251C2AFDBC6C00F81437 /* Build configuration list for PBXProject "TugasCard" */;
			compatibilityVersion = "Xcode 14.0";
			developmentRegion = en;
			hasScannedForEncodings = 0;
			knownRegions = (
				en,
				Base,
			);
			mainGroup = 046825182AFDBC6C00F81437;
			productRefGroup = 046825222AFDBC6C00F81437 /* Products */;
			projectDirPath = "";
			projectRoot = "";
			targets = (
				046825202AFDBC6C00F81437 /* TugasCard */,
				046825302AFDBC6F00F81437 /* TugasCardTests */,
				0468253A2AFDBC6F00F81437 /* TugasCardUITests */,
			);
		};
/* End PBXProject section */

/* Begin PBXResourcesBuildPhase section */
		0468251F2AFDBC6C00F81437 /* Resources */ = {
			isa = PBXResourcesBuildPhase;
			buildActionMask = 2147483647;
			files = (
				045B90CB2AFDDD2600FD48CF /* WOT-Scryfall.json in Resources */,
				0468252C2AFDBC6F00F81437 /* Preview Assets.xcassets in Resources */,
				046825292AFDBC6F00F81437 /* Assets.xcassets in Resources */,
			);
			runOnlyForDeploymentPostprocessing = 0;
		};
		0468252F2AFDBC6F00F81437 /* Resources */ = {
			isa = PBXResourcesBuildPhase;
			buildActionMask = 2147483647;
			files = (
			);
			runOnlyForDeploymentPostprocessing = 0;
		};
		046825392AFDBC6F00F81437 /* Resources */ = {
			isa = PBXResourcesBuildPhase;
			buildActionMask = 2147483647;
			files = (
			);
			runOnlyForDeploymentPostprocessing = 0;
		};
/* End PBXResourcesBuildPhase section */

/* Begin PBXSourcesBuildPhase section */
		0468251D2AFDBC6C00F81437 /* Sources */ = {
			isa = PBXSourcesBuildPhase;
			buildActionMask = 2147483647;
			files = (
				045B90C72AFDCCEF00FD48CF /* users.swift in Sources */,
				045B90C92AFDD07B00FD48CF /* Card.swift in Sources */,
				046825272AFDBC6C00F81437 /* ContentView.swift in Sources */,
				046825252AFDBC6C00F81437 /* TugasCardApp.swift in Sources */,
			);
			runOnlyForDeploymentPostprocessing = 0;
		};
		0468252D2AFDBC6F00F81437 /* Sources */ = {
			isa = PBXSourcesBuildPhase;
			buildActionMask = 2147483647;
			files = (
				046825362AFDBC6F00F81437 /* TugasCardTests.swift in Sources */,
			);
			runOnlyForDeploymentPostprocessing = 0;
		};
		046825372AFDBC6F00F81437 /* Sources */ = {
			isa = PBXSourcesBuildPhase;
			buildActionMask = 2147483647;
			files = (
				046825402AFDBC6F00F81437 /* TugasCardUITests.swift in Sources */,
				046825422AFDBC6F00F81437 /* TugasCardUITestsLaunchTests.swift in Sources */,
			);
			runOnlyForDeploymentPostprocessing = 0;
		};
/* End PBXSourcesBuildPhase section */

/* Begin PBXTargetDependency section */
		046825332AFDBC6F00F81437 /* PBXTargetDependency */ = {
			isa = PBXTargetDependency;
			target = 046825202AFDBC6C00F81437 /* TugasCard */;
			targetProxy = 046825322AFDBC6F00F81437 /* PBXContainerItemProxy */;
		};
		0468253D2AFDBC6F00F81437 /* PBXTargetDependency */ = {
			isa = PBXTargetDependency;
			target = 046825202AFDBC6C00F81437 /* TugasCard */;
			targetProxy = 0468253C2AFDBC6F00F81437 /* PBXContainerItemProxy */;
		};
/* End PBXTargetDependency section */

/* Begin XCBuildConfiguration section */
		046825432AFDBC6F00F81437 /* Debug */ = {
			isa = XCBuildConfiguration;
			buildSettings = {
				ALWAYS_SEARCH_USER_PATHS = NO;
				ASSETCATALOG_COMPILER_GENERATE_SWIFT_ASSET_SYMBOL_EXTENSIONS = YES;
				CLANG_ANALYZER_NONNULL = YES;
				CLANG_ANALYZER_NUMBER_OBJECT_CONVERSION = YES_AGGRESSIVE;
				CLANG_CXX_LANGUAGE_STANDARD = "gnu++20";
				CLANG_ENABLE_MODULES = YES;
				CLANG_ENABLE_OBJC_ARC = YES;
				CLANG_ENABLE_OBJC_WEAK = YES;
				CLANG_WARN_BLOCK_CAPTURE_AUTORELEASING = YES;
				CLANG_WARN_BOOL_CONVERSION = YES;
				CLANG_WARN_COMMA = YES;
				CLANG_WARN_CONSTANT_CONVERSION = YES;
				CLANG_WARN_DEPRECATED_OBJC_IMPLEMENTATIONS = YES;
				CLANG_WARN_DIRECT_OBJC_ISA_USAGE = YES_ERROR;
				CLANG_WARN_DOCUMENTATION_COMMENTS = YES;
				CLANG_WARN_EMPTY_BODY = YES;
				CLANG_WARN_ENUM_CONVERSION = YES;
				CLANG_WARN_INFINITE_RECURSION = YES;
				CLANG_WARN_INT_CONVERSION = YES;
				CLANG_WARN_NON_LITERAL_NULL_CONVERSION = YES;
				CLANG_WARN_OBJC_IMPLICIT_RETAIN_SELF = YES;
				CLANG_WARN_OBJC_LITERAL_CONVERSION = YES;
				CLANG_WARN_OBJC_ROOT_CLASS = YES_ERROR;
				CLANG_WARN_QUOTED_INCLUDE_IN_FRAMEWORK_HEADER = YES;
				CLANG_WARN_RANGE_LOOP_ANALYSIS = YES;
				CLANG_WARN_STRICT_PROTOTYPES = YES;
				CLANG_WARN_SUSPICIOUS_MOVE = YES;
				CLANG_WARN_UNGUARDED_AVAILABILITY = YES_AGGRESSIVE;
				CLANG_WARN_UNREACHABLE_CODE = YES;
				CLANG_WARN__DUPLICATE_METHOD_MATCH = YES;
				COPY_PHASE_STRIP = NO;
				DEBUG_INFORMATION_FORMAT = dwarf;
				ENABLE_STRICT_OBJC_MSGSEND = YES;
				ENABLE_TESTABILITY = YES;
				ENABLE_USER_SCRIPT_SANDBOXING = YES;
				GCC_C_LANGUAGE_STANDARD = gnu17;
				GCC_DYNAMIC_NO_PIC = NO;
				GCC_NO_COMMON_BLOCKS = YES;
				GCC_OPTIMIZATION_LEVEL = 0;
				GCC_PREPROCESSOR_DEFINITIONS = (
					"DEBUG=1",
					"$(inherited)",
				);
				GCC_WARN_64_TO_32_BIT_CONVERSION = YES;
				GCC_WARN_ABOUT_RETURN_TYPE = YES_ERROR;
				GCC_WARN_UNDECLARED_SELECTOR = YES;
				GCC_WARN_UNINITIALIZED_AUTOS = YES_AGGRESSIVE;
				GCC_WARN_UNUSED_FUNCTION = YES;
				GCC_WARN_UNUSED_VARIABLE = YES;
				IPHONEOS_DEPLOYMENT_TARGET = 17.0;
				LOCALIZATION_PREFERS_STRING_CATALOGS = YES;
				MTL_ENABLE_DEBUG_INFO = INCLUDE_SOURCE;
				MTL_FAST_MATH = YES;
				ONLY_ACTIVE_ARCH = YES;
				SDKROOT = iphoneos;
				SWIFT_ACTIVE_COMPILATION_CONDITIONS = "DEBUG $(inherited)";
				SWIFT_OPTIMIZATION_LEVEL = "-Onone";
			};
			name = Debug;
		};
		046825442AFDBC6F00F81437 /* Release */ = {
			isa = XCBuildConfiguration;
			buildSettings = {
				ALWAYS_SEARCH_USER_PATHS = NO;
				ASSETCATALOG_COMPILER_GENERATE_SWIFT_ASSET_SYMBOL_EXTENSIONS = YES;
				CLANG_ANALYZER_NONNULL = YES;
				CLANG_ANALYZER_NUMBER_OBJECT_CONVERSION = YES_AGGRESSIVE;
				CLANG_CXX_LANGUAGE_STANDARD = "gnu++20";
				CLANG_ENABLE_MODULES = YES;
				CLANG_ENABLE_OBJC_ARC = YES;
				CLANG_ENABLE_OBJC_WEAK = YES;
				CLANG_WARN_BLOCK_CAPTURE_AUTORELEASING = YES;
				CLANG_WARN_BOOL_CONVERSION = YES;
				CLANG_WARN_COMMA = YES;
				CLANG_WARN_CONSTANT_CONVERSION = YES;
				CLANG_WARN_DEPRECATED_OBJC_IMPLEMENTATIONS = YES;
				CLANG_WARN_DIRECT_OBJC_ISA_USAGE = YES_ERROR;
				CLANG_WARN_DOCUMENTATION_COMMENTS = YES;
				CLANG_WARN_EMPTY_BODY = YES;
				CLANG_WARN_ENUM_CONVERSION = YES;
				CLANG_WARN_INFINITE_RECURSION = YES;
				CLANG_WARN_INT_CONVERSION = YES;
				CLANG_WARN_NON_LITERAL_NULL_CONVERSION = YES;
				CLANG_WARN_OBJC_IMPLICIT_RETAIN_SELF = YES;
				CLANG_WARN_OBJC_LITERAL_CONVERSION = YES;
				CLANG_WARN_OBJC_ROOT_CLASS = YES_ERROR;
				CLANG_WARN_QUOTED_INCLUDE_IN_FRAMEWORK_HEADER = YES;
				CLANG_WARN_RANGE_LOOP_ANALYSIS = YES;
				CLANG_WARN_STRICT_PROTOTYPES = YES;
				CLANG_WARN_SUSPICIOUS_MOVE = YES;
				CLANG_WARN_UNGUARDED_AVAILABILITY = YES_AGGRESSIVE;
				CLANG_WARN_UNREACHABLE_CODE = YES;
				CLANG_WARN__DUPLICATE_METHOD_MATCH = YES;
				COPY_PHASE_STRIP = NO;
				DEBUG_INFORMATION_FORMAT = "dwarf-with-dsym";
				ENABLE_NS_ASSERTIONS = NO;
				ENABLE_STRICT_OBJC_MSGSEND = YES;
				ENABLE_USER_SCRIPT_SANDBOXING = YES;
				GCC_C_LANGUAGE_STANDARD = gnu17;
				GCC_NO_COMMON_BLOCKS = YES;
				GCC_WARN_64_TO_32_BIT_CONVERSION = YES;
				GCC_WARN_ABOUT_RETURN_TYPE = YES_ERROR;
				GCC_WARN_UNDECLARED_SELECTOR = YES;
				GCC_WARN_UNINITIALIZED_AUTOS = YES_AGGRESSIVE;
				GCC_WARN_UNUSED_FUNCTION = YES;
				GCC_WARN_UNUSED_VARIABLE = YES;
				IPHONEOS_DEPLOYMENT_TARGET = 17.0;
				LOCALIZATION_PREFERS_STRING_CATALOGS = YES;
				MTL_ENABLE_DEBUG_INFO = NO;
				MTL_FAST_MATH = YES;
				SDKROOT = iphoneos;
				SWIFT_COMPILATION_MODE = wholemodule;
				VALIDATE_PRODUCT = YES;
			};
			name = Release;
		};
		046825462AFDBC6F00F81437 /* Debug */ = {
			isa = XCBuildConfiguration;
			buildSettings = {
				ASSETCATALOG_COMPILER_APPICON_NAME = AppIcon;
				ASSETCATALOG_COMPILER_GLOBAL_ACCENT_COLOR_NAME = AccentColor;
				CODE_SIGN_STYLE = Automatic;
				CURRENT_PROJECT_VERSION = 1;
				DEVELOPMENT_ASSET_PATHS = "\"TugasCard/Preview Content\"";
				DEVELOPMENT_TEAM = 3JR86R49UK;
				ENABLE_PREVIEWS = YES;
				GENERATE_INFOPLIST_FILE = YES;
				INFOPLIST_KEY_UIApplicationSceneManifest_Generation = YES;
				INFOPLIST_KEY_UIApplicationSupportsIndirectInputEvents = YES;
				INFOPLIST_KEY_UILaunchScreen_Generation = YES;
				INFOPLIST_KEY_UISupportedInterfaceOrientations_iPad = "UIInterfaceOrientationPortrait UIInterfaceOrientationPortraitUpsideDown UIInterfaceOrientationLandscapeLeft UIInterfaceOrientationLandscapeRight";
				INFOPLIST_KEY_UISupportedInterfaceOrientations_iPhone = "UIInterfaceOrientationPortrait UIInterfaceOrientationLandscapeLeft UIInterfaceOrientationLandscapeRight";
				LD_RUNPATH_SEARCH_PATHS = (
					"$(inherited)",
					"@executable_path/Frameworks",
				);
				MARKETING_VERSION = 1.0;
				PRODUCT_BUNDLE_IDENTIFIER = "-.TugasCard";
				PRODUCT_NAME = "$(TARGET_NAME)";
				SWIFT_EMIT_LOC_STRINGS = YES;
				SWIFT_VERSION = 5.0;
				TARGETED_DEVICE_FAMILY = "1,2";
			};
			name = Debug;
		};
		046825472AFDBC6F00F81437 /* Release */ = {
			isa = XCBuildConfiguration;
			buildSettings = {
				ASSETCATALOG_COMPILER_APPICON_NAME = AppIcon;
				ASSETCATALOG_COMPILER_GLOBAL_ACCENT_COLOR_NAME = AccentColor;
				CODE_SIGN_STYLE = Automatic;
				CURRENT_PROJECT_VERSION = 1;
				DEVELOPMENT_ASSET_PATHS = "\"TugasCard/Preview Content\"";
				DEVELOPMENT_TEAM = 3JR86R49UK;
				ENABLE_PREVIEWS = YES;
				GENERATE_INFOPLIST_FILE = YES;
				INFOPLIST_KEY_UIApplicationSceneManifest_Generation = YES;
				INFOPLIST_KEY_UIApplicationSupportsIndirectInputEvents = YES;
				INFOPLIST_KEY_UILaunchScreen_Generation = YES;
				INFOPLIST_KEY_UISupportedInterfaceOrientations_iPad = "UIInterfaceOrientationPortrait UIInterfaceOrientationPortraitUpsideDown UIInterfaceOrientationLandscapeLeft UIInterfaceOrientationLandscapeRight";
				INFOPLIST_KEY_UISupportedInterfaceOrientations_iPhone = "UIInterfaceOrientationPortrait UIInterfaceOrientationLandscapeLeft UIInterfaceOrientationLandscapeRight";
				LD_RUNPATH_SEARCH_PATHS = (
					"$(inherited)",
					"@executable_path/Frameworks",
				);
				MARKETING_VERSION = 1.0;
				PRODUCT_BUNDLE_IDENTIFIER = "-.TugasCard";
				PRODUCT_NAME = "$(TARGET_NAME)";
				SWIFT_EMIT_LOC_STRINGS = YES;
				SWIFT_VERSION = 5.0;
				TARGETED_DEVICE_FAMILY = "1,2";
			};
			name = Release;
		};
		046825492AFDBC6F00F81437 /* Debug */ = {
			isa = XCBuildConfiguration;
			buildSettings = {
				ALWAYS_EMBED_SWIFT_STANDARD_LIBRARIES = YES;
				BUNDLE_LOADER = "$(TEST_HOST)";
				CODE_SIGN_STYLE = Automatic;
				CURRENT_PROJECT_VERSION = 1;
				DEVELOPMENT_TEAM = 3JR86R49UK;
				GENERATE_INFOPLIST_FILE = YES;
				IPHONEOS_DEPLOYMENT_TARGET = 17.0;
				MARKETING_VERSION = 1.0;
				PRODUCT_BUNDLE_IDENTIFIER = "-.TugasCardTests";
				PRODUCT_NAME = "$(TARGET_NAME)";
				SWIFT_EMIT_LOC_STRINGS = NO;
				SWIFT_VERSION = 5.0;
				TARGETED_DEVICE_FAMILY = "1,2";
				TEST_HOST = "$(BUILT_PRODUCTS_DIR)/TugasCard.app/$(BUNDLE_EXECUTABLE_FOLDER_PATH)/TugasCard";
			};
			name = Debug;
		};
		0468254A2AFDBC6F00F81437 /* Release */ = {
			isa = XCBuildConfiguration;
			buildSettings = {
				ALWAYS_EMBED_SWIFT_STANDARD_LIBRARIES = YES;
				BUNDLE_LOADER = "$(TEST_HOST)";
				CODE_SIGN_STYLE = Automatic;
				CURRENT_PROJECT_VERSION = 1;
				DEVELOPMENT_TEAM = 3JR86R49UK;
				GENERATE_INFOPLIST_FILE = YES;
				IPHONEOS_DEPLOYMENT_TARGET = 17.0;
				MARKETING_VERSION = 1.0;
				PRODUCT_BUNDLE_IDENTIFIER = "-.TugasCardTests";
				PRODUCT_NAME = "$(TARGET_NAME)";
				SWIFT_EMIT_LOC_STRINGS = NO;
				SWIFT_VERSION = 5.0;
				TARGETED_DEVICE_FAMILY = "1,2";
				TEST_HOST = "$(BUILT_PRODUCTS_DIR)/TugasCard.app/$(BUNDLE_EXECUTABLE_FOLDER_PATH)/TugasCard";
			};
			name = Release;
		};
		0468254C2AFDBC6F00F81437 /* Debug */ = {
			isa = XCBuildConfiguration;
			buildSettings = {
				ALWAYS_EMBED_SWIFT_STANDARD_LIBRARIES = YES;
				CODE_SIGN_STYLE = Automatic;
				CURRENT_PROJECT_VERSION = 1;
				DEVELOPMENT_TEAM = 3JR86R49UK;
				GENERATE_INFOPLIST_FILE = YES;
				MARKETING_VERSION = 1.0;
				PRODUCT_BUNDLE_IDENTIFIER = "-.TugasCardUITests";
				PRODUCT_NAME = "$(TARGET_NAME)";
				SWIFT_EMIT_LOC_STRINGS = NO;
				SWIFT_VERSION = 5.0;
				TARGETED_DEVICE_FAMILY = "1,2";
				TEST_TARGET_NAME = TugasCard;
			};
			name = Debug;
		};
		0468254D2AFDBC6F00F81437 /* Release */ = {
			isa = XCBuildConfiguration;
			buildSettings = {
				ALWAYS_EMBED_SWIFT_STANDARD_LIBRARIES = YES;
				CODE_SIGN_STYLE = Automatic;
				CURRENT_PROJECT_VERSION = 1;
				DEVELOPMENT_TEAM = 3JR86R49UK;
				GENERATE_INFOPLIST_FILE = YES;
				MARKETING_VERSION = 1.0;
				PRODUCT_BUNDLE_IDENTIFIER = "-.TugasCardUITests";
				PRODUCT_NAME = "$(TARGET_NAME)";
				SWIFT_EMIT_LOC_STRINGS = NO;
				SWIFT_VERSION = 5.0;
				TARGETED_DEVICE_FAMILY = "1,2";
				TEST_TARGET_NAME = TugasCard;
			};
			name = Release;
		};
/* End XCBuildConfiguration section */

/* Begin XCConfigurationList section */
		0468251C2AFDBC6C00F81437 /* Build configuration list for PBXProject "TugasCard" */ = {
			isa = XCConfigurationList;
			buildConfigurations = (
				046825432AFDBC6F00F81437 /* Debug */,
				046825442AFDBC6F00F81437 /* Release */,
			);
			defaultConfigurationIsVisible = 0;
			defaultConfigurationName = Release;
		};
		046825452AFDBC6F00F81437 /* Build configuration list for PBXNativeTarget "TugasCard" */ = {
			isa = XCConfigurationList;
			buildConfigurations = (
				046825462AFDBC6F00F81437 /* Debug */,
				046825472AFDBC6F00F81437 /* Release */,
			);
			defaultConfigurationIsVisible = 0;
			defaultConfigurationName = Release;
		};
		046825482AFDBC6F00F81437 /* Build configuration list for PBXNativeTarget "TugasCardTests" */ = {
			isa = XCConfigurationList;
			buildConfigurations = (
				046825492AFDBC6F00F81437 /* Debug */,
				0468254A2AFDBC6F00F81437 /* Release */,
			);
			defaultConfigurationIsVisible = 0;
			defaultConfigurationName = Release;
		};
		0468254B2AFDBC6F00F81437 /* Build configuration list for PBXNativeTarget "TugasCardUITests" */ = {
			isa = XCConfigurationList;
			buildConfigurations = (
				0468254C2AFDBC6F00F81437 /* Debug */,
				0468254D2AFDBC6F00F81437 /* Release */,
			);
			defaultConfigurationIsVisible = 0;
			defaultConfigurationName = Release;
		};
/* End XCConfigurationList section */
	};
	rootObject = 046825192AFDBC6C00F81437 /* Project object */;
}
